
Microsoft Visual Studio Solution File, Format Version 12.00
# Visual Studio Version 16
VisualStudioVersion = 16.0.30225.117
MinimumVisualStudioVersion = 10.0.40219.1
Project("{FAE04EC0-301F-11D3-BF4B-00C04F79EFBC}") = "SERVIEX", "SERVIEX\SERVIEX.csproj", "{ABE36289-53EB-460E-B70C-B656B74F9500}"
EndProject
Global
	GlobalSection(SolutionConfigurationPlatforms) = preSolution
		Debug|Any CPU = Debug|Any CPU
		Release|Any CPU = Release|Any CPU
	EndGlobalSection
	GlobalSection(ProjectConfigurationPlatforms) = postSolution
		{ABE36289-53EB-460E-B70C-B656B74F9500}.Debug|Any CPU.ActiveCfg = Debug|Any CPU
		{ABE36289-53EB-460E-B70C-B656B74F9500}.Debug|Any CPU.Build.0 = Debug|Any CPU
		{ABE36289-53EB-460E-B70C-B656B74F9500}.Release|Any CPU.ActiveCfg = Release|Any CPU
		{ABE36289-53EB-460E-B70C-B656B74F9500}.Release|Any CPU.Build.0 = Release|Any CPU
	EndGlobalSection
	GlobalSection(SolutionProperties) = preSolution
		HideSolutionNode = FALSE
	EndGlobalSection
	GlobalSection(ExtensibilityGlobals) = postSolution
		SolutionGuid = {30678A38-50F4-454B-9F07-2E0998F5D3BD}
	EndGlobalSection
EndGlobal
